
Microsoft Visual Studio Solution File, Format Version 12.00
# Visual Studio Version 16
VisualStudioVersion = 16.0.35325.158
MinimumVisualStudioVersion = 10.0.40219.1
Project("{FAE04EC0-301F-11D3-BF4B-00C04F79EFBC}") = "AudioRopa", "AudioRopa\AudioRopa.csproj", "{170F83AA-F64B-4692-A21B-725CBEF17FB6}"
EndProject
Global
	GlobalSection(SolutionConfigurationPlatforms) = preSolution
		Debug|Any CPU = Debug|Any CPU
		Release|Any CPU = Release|Any CPU
	EndGlobalSection
	GlobalSection(ProjectConfigurationPlatforms) = postSolution
		{170F83AA-F64B-4692-A21B-725CBEF17FB6}.Debug|Any CPU.ActiveCfg = Debug|Any CPU
		{170F83AA-F64B-4692-A21B-725CBEF17FB6}.Debug|Any CPU.Build.0 = Debug|Any CPU
		{170F83AA-F64B-4692-A21B-725CBEF17FB6}.Release|Any CPU.ActiveCfg = Release|Any CPU
		{170F83AA-F64B-4692-A21B-725CBEF17FB6}.Release|Any CPU.Build.0 = Release|Any CPU
	EndGlobalSection
	GlobalSection(SolutionProperties) = preSolution
		HideSolutionNode = FALSE
	EndGlobalSection
	GlobalSection(ExtensibilityGlobals) = postSolution
		SolutionGuid = {119926E9-5804-4415-A9A1-66F600437D26}
	EndGlobalSection
EndGlobal
